// !$*UTF8*$!
{
	archiveVersion = 1;
	classes = {
	};
	objectVersion = 46;
	objects = {

/* Begin PBXBuildFile section */
		2333569914C75AD200729060 /* AbstractModel.mm in Sources */ = {isa = PBXBuildFile; fileRef = 2333569814C75AD200729060 /* AbstractModel.mm */; };
		235074E714C5738A003EE0C1 /* nakuron.mm in Sources */ = {isa = PBXBuildFile; fileRef = 235074E614C5738A003EE0C1 /* nakuron.mm */; };
		2351905014E29FF700A53055 /* finishViewController.mm in Sources */ = {isa = PBXBuildFile; fileRef = 2351904E14E29FF700A53055 /* finishViewController.mm */; };
		2351905114E29FF700A53055 /* finishViewController.xib in Resources */ = {isa = PBXBuildFile; fileRef = 2351904F14E29FF700A53055 /* finishViewController.xib */; };
		235190B014E2FEF600A53055 /* libxml2.dylib in Frameworks */ = {isa = PBXBuildFile; fileRef = 235190AF14E2FEF600A53055 /* libxml2.dylib */; };
		237951BF151A50A000A2C493 /* UserDefaultsModel.mm in Sources */ = {isa = PBXBuildFile; fileRef = 237951BE151A50A000A2C493 /* UserDefaultsModel.mm */; };
		238F72FA14C9C4CE00CAC3EB /* libsqlite3.0.dylib in Frameworks */ = {isa = PBXBuildFile; fileRef = 238F72F914C9C4CE00CAC3EB /* libsqlite3.0.dylib */; };
		238F732A14C9C6F700CAC3EB /* FMDatabase.m in Sources */ = {isa = PBXBuildFile; fileRef = 238F732514C9C6F700CAC3EB /* FMDatabase.m */; };
		238F732B14C9C6F700CAC3EB /* FMDatabaseAdditions.m in Sources */ = {isa = PBXBuildFile; fileRef = 238F732714C9C6F700CAC3EB /* FMDatabaseAdditions.m */; };
		238F732C14C9C6F700CAC3EB /* FMResultSet.m in Sources */ = {isa = PBXBuildFile; fileRef = 238F732914C9C6F700CAC3EB /* FMResultSet.m */; };
		23915A9214C9C18100C925B8 /* arrow-down.png in Resources */ = {isa = PBXBuildFile; fileRef = 23915A8414C9C18100C925B8 /* arrow-down.png */; };
		23915A9314C9C18100C925B8 /* arrow-left.png in Resources */ = {isa = PBXBuildFile; fileRef = 23915A8514C9C18100C925B8 /* arrow-left.png */; };
		23915A9414C9C18100C925B8 /* arrow-right.png in Resources */ = {isa = PBXBuildFile; fileRef = 23915A8614C9C18100C925B8 /* arrow-right.png */; };
		23915A9514C9C18100C925B8 /* arrow-up.png in Resources */ = {isa = PBXBuildFile; fileRef = 23915A8714C9C18100C925B8 /* arrow-up.png */; };
		23915A9614C9C18100C925B8 /* bblue.png in Resources */ = {isa = PBXBuildFile; fileRef = 23915A8814C9C18100C925B8 /* bblue.png */; };
		23915A9714C9C18100C925B8 /* bgreen.png in Resources */ = {isa = PBXBuildFile; fileRef = 23915A8914C9C18100C925B8 /* bgreen.png */; };
		23915A9814C9C18100C925B8 /* bred.png in Resources */ = {isa = PBXBuildFile; fileRef = 23915A8A14C9C18100C925B8 /* bred.png */; };
		23915A9914C9C18100C925B8 /* byellow.png in Resources */ = {isa = PBXBuildFile; fileRef = 23915A8B14C9C18100C925B8 /* byellow.png */; };
		23915A9A14C9C18100C925B8 /* empty.png in Resources */ = {isa = PBXBuildFile; fileRef = 23915A8C14C9C18100C925B8 /* empty.png */; };
		23915A9B14C9C18100C925B8 /* hblue.png in Resources */ = {isa = PBXBuildFile; fileRef = 23915A8D14C9C18100C925B8 /* hblue.png */; };
		23915A9C14C9C18100C925B8 /* hgreen.png in Resources */ = {isa = PBXBuildFile; fileRef = 23915A8E14C9C18100C925B8 /* hgreen.png */; };
		23915A9D14C9C18100C925B8 /* hred.png in Resources */ = {isa = PBXBuildFile; fileRef = 23915A8F14C9C18100C925B8 /* hred.png */; };
		23915A9E14C9C18100C925B8 /* hyellow.png in Resources */ = {isa = PBXBuildFile; fileRef = 23915A9014C9C18100C925B8 /* hyellow.png */; };
		23915A9F14C9C18100C925B8 /* wall.png in Resources */ = {isa = PBXBuildFile; fileRef = 23915A9114C9C18100C925B8 /* wall.png */; };
		239FD02614C9FF9900C3DBCD /* HistoryModel.mm in Sources */ = {isa = PBXBuildFile; fileRef = 239FD02514C9FF9900C3DBCD /* HistoryModel.mm */; };
		239FD02B14CA09EA00C3DBCD /* ModelTest.mm in Sources */ = {isa = PBXBuildFile; fileRef = 239FD02A14CA09EA00C3DBCD /* ModelTest.mm */; };
		23BDF82A14CDCCAD00402EF2 /* historyViewController.mm in Sources */ = {isa = PBXBuildFile; fileRef = 23BDF82814CDCCAD00402EF2 /* historyViewController.mm */; };
		23BDF82B14CDCCAD00402EF2 /* historyViewController.xib in Resources */ = {isa = PBXBuildFile; fileRef = 23BDF82914CDCCAD00402EF2 /* historyViewController.xib */; };
		23EBF02D14C55F9B006876D4 /* menuViewController.mm in Sources */ = {isa = PBXBuildFile; fileRef = 23EBF02B14C55F9B006876D4 /* menuViewController.mm */; };
		23EBF02E14C55F9B006876D4 /* menuViewController.xib in Resources */ = {isa = PBXBuildFile; fileRef = 23EBF02C14C55F9B006876D4 /* menuViewController.xib */; };
		273CA73D1513EA84004F3036 /* star_outline_64.png in Resources */ = {isa = PBXBuildFile; fileRef = 273CA73C1513EA84004F3036 /* star_outline_64.png */; };
		273CA73F1513EA97004F3036 /* star_64.png in Resources */ = {isa = PBXBuildFile; fileRef = 273CA73E1513EA97004F3036 /* star_64.png */; };
		273CA7411513EE62004F3036 /* quit.png in Resources */ = {isa = PBXBuildFile; fileRef = 273CA7401513EE62004F3036 /* quit.png */; };
		277FBD8815178BB5005E1003 /* green1-1.png in Resources */ = {isa = PBXBuildFile; fileRef = 277FBD8715178BB5005E1003 /* green1-1.png */; };
		277FBD8A15178C47005E1003 /* yellow1-1.png in Resources */ = {isa = PBXBuildFile; fileRef = 277FBD8915178C47005E1003 /* yellow1-1.png */; };
		277FBD9115179774005E1003 /* onnpu.png in Resources */ = {isa = PBXBuildFile; fileRef = 277FBD8F15179773005E1003 /* onnpu.png */; };
		277FBD9215179774005E1003 /* onnpu2.png in Resources */ = {isa = PBXBuildFile; fileRef = 277FBD9015179773005E1003 /* onnpu2.png */; };
		27A3698A14F377BC00394626 /* settings_64.png in Resources */ = {isa = PBXBuildFile; fileRef = 27A3698914F377BC00394626 /* settings_64.png */; };
		27C33ADD1515A2D100FC61A7 /* blue1-1.png in Resources */ = {isa = PBXBuildFile; fileRef = 27C33AD91515A2D000FC61A7 /* blue1-1.png */; };
		27C33ADF1515A2D100FC61A7 /* red1-1.png in Resources */ = {isa = PBXBuildFile; fileRef = 27C33ADB1515A2D000FC61A7 /* red1-1.png */; };
		27C7ADA814C53564006CF983 /* UIKit.framework in Frameworks */ = {isa = PBXBuildFile; fileRef = 27C7ADA714C53564006CF983 /* UIKit.framework */; };
		27C7ADAA14C53564006CF983 /* Foundation.framework in Frameworks */ = {isa = PBXBuildFile; fileRef = 27C7ADA914C53564006CF983 /* Foundation.framework */; };
		27C7ADAC14C53564006CF983 /* CoreGraphics.framework in Frameworks */ = {isa = PBXBuildFile; fileRef = 27C7ADAB14C53564006CF983 /* CoreGraphics.framework */; };
		27C7ADAE14C53564006CF983 /* QuartzCore.framework in Frameworks */ = {isa = PBXBuildFile; fileRef = 27C7ADAD14C53564006CF983 /* QuartzCore.framework */; };
		27C7ADB014C53564006CF983 /* OpenGLES.framework in Frameworks */ = {isa = PBXBuildFile; fileRef = 27C7ADAF14C53564006CF983 /* OpenGLES.framework */; };
		27C7ADB614C53564006CF983 /* InfoPlist.strings in Resources */ = {isa = PBXBuildFile; fileRef = 27C7ADB414C53564006CF983 /* InfoPlist.strings */; };
		27C7ADB914C53564006CF983 /* main.m in Sources */ = {isa = PBXBuildFile; fileRef = 27C7ADB814C53564006CF983 /* main.m */; };
		27C7ADBC14C53564006CF983 /* nakuronAppDelegate.mm in Sources */ = {isa = PBXBuildFile; fileRef = 27C7ADBB14C53564006CF983 /* nakuronAppDelegate.mm */; };
		27C7ADBF14C53564006CF983 /* MainWindow.xib in Resources */ = {isa = PBXBuildFile; fileRef = 27C7ADBD14C53564006CF983 /* MainWindow.xib */; };
		27C7ADC114C53564006CF983 /* Shader.fsh in Resources */ = {isa = PBXBuildFile; fileRef = 27C7ADC014C53564006CF983 /* Shader.fsh */; };
		27C7ADC314C53564006CF983 /* Shader.vsh in Resources */ = {isa = PBXBuildFile; fileRef = 27C7ADC214C53564006CF983 /* Shader.vsh */; };
		27C7ADC614C53564006CF983 /* EAGLView.mm in Sources */ = {isa = PBXBuildFile; fileRef = 27C7ADC514C53564006CF983 /* EAGLView.mm */; };
		27C7ADC914C53564006CF983 /* nakuronViewController.mm in Sources */ = {isa = PBXBuildFile; fileRef = 27C7ADC814C53564006CF983 /* nakuronViewController.mm */; };
		27C7ADCC14C53564006CF983 /* nakuronViewController.xib in Resources */ = {isa = PBXBuildFile; fileRef = 27C7ADCA14C53564006CF983 /* nakuronViewController.xib */; };
		27E04F28151050B8007ED333 /* icon.png in Resources */ = {isa = PBXBuildFile; fileRef = 27E04F27151050B8007ED333 /* icon.png */; };
		27E36D6114C53A3E00004587 /* graphicUtil.mm in Sources */ = {isa = PBXBuildFile; fileRef = 27E36D6014C53A3E00004587 /* graphicUtil.mm */; };
		27E8299C150510300094C4B6 /* hblue2.png in Resources */ = {isa = PBXBuildFile; fileRef = 27E82997150510300094C4B6 /* hblue2.png */; };
		27E8299D150510300094C4B6 /* hgreen2.png in Resources */ = {isa = PBXBuildFile; fileRef = 27E82998150510300094C4B6 /* hgreen2.png */; };
		27E8299E150510300094C4B6 /* hred2.png in Resources */ = {isa = PBXBuildFile; fileRef = 27E82999150510300094C4B6 /* hred2.png */; };
		27E8299F150510300094C4B6 /* hyellow2.png in Resources */ = {isa = PBXBuildFile; fileRef = 27E8299A150510300094C4B6 /* hyellow2.png */; };
		27E829A0150510300094C4B6 /* wall2.png in Resources */ = {isa = PBXBuildFile; fileRef = 27E8299B150510300094C4B6 /* wall2.png */; };
		27E829A715051BBE0094C4B6 /* AVFoundation.framework in Frameworks */ = {isa = PBXBuildFile; fileRef = 27E829A615051BBE0094C4B6 /* AVFoundation.framework */; };
		27E829B61505C3460094C4B6 /* se_maoudamashii_se_fall01.wav in Resources */ = {isa = PBXBuildFile; fileRef = 27E829B41505C3460094C4B6 /* se_maoudamashii_se_fall01.wav */; };
		27E829B71505C3460094C4B6 /* se_maoudamashii_se_fall02.wav in Resources */ = {isa = PBXBuildFile; fileRef = 27E829B51505C3460094C4B6 /* se_maoudamashii_se_fall02.wav */; };
		27E829B91505C3660094C4B6 /* se_maoudamashii_system47.wav in Resources */ = {isa = PBXBuildFile; fileRef = 27E829B81505C3660094C4B6 /* se_maoudamashii_system47.wav */; };
/* End PBXBuildFile section */

/* Begin PBXFileReference section */
		2333569714C75AD200729060 /* AbstractModel.h */ = {isa = PBXFileReference; fileEncoding = 4; lastKnownFileType = sourcecode.c.h; path = AbstractModel.h; sourceTree = "<group>"; };
		2333569814C75AD200729060 /* AbstractModel.mm */ = {isa = PBXFileReference; fileEncoding = 4; lastKnownFileType = sourcecode.cpp.objcpp; path = AbstractModel.mm; sourceTree = "<group>"; };
		235074E614C5738A003EE0C1 /* nakuron.mm */ = {isa = PBXFileReference; fileEncoding = 4; lastKnownFileType = sourcecode.cpp.objcpp; path = nakuron.mm; sourceTree = "<group>"; };
		2351904D14E29FF700A53055 /* finishViewController.h */ = {isa = PBXFileReference; fileEncoding = 4; lastKnownFileType = sourcecode.c.h; path = finishViewController.h; sourceTree = "<group>"; };
		2351904E14E29FF700A53055 /* finishViewController.mm */ = {isa = PBXFileReference; fileEncoding = 4; lastKnownFileType = sourcecode.cpp.objcpp; path = finishViewController.mm; sourceTree = "<group>"; };
		2351904F14E29FF700A53055 /* finishViewController.xib */ = {isa = PBXFileReference; fileEncoding = 4; lastKnownFileType = file.xib; path = finishViewController.xib; sourceTree = "<group>"; };
		235190AF14E2FEF600A53055 /* libxml2.dylib */ = {isa = PBXFileReference; lastKnownFileType = "compiled.mach-o.dylib"; name = libxml2.dylib; path = usr/lib/libxml2.dylib; sourceTree = SDKROOT; };
		237951BD151A50A000A2C493 /* UserDefaultsModel.h */ = {isa = PBXFileReference; fileEncoding = 4; lastKnownFileType = sourcecode.c.h; path = UserDefaultsModel.h; sourceTree = "<group>"; };
		237951BE151A50A000A2C493 /* UserDefaultsModel.mm */ = {isa = PBXFileReference; fileEncoding = 4; lastKnownFileType = sourcecode.cpp.objcpp; path = UserDefaultsModel.mm; sourceTree = "<group>"; };
		238F72F914C9C4CE00CAC3EB /* libsqlite3.0.dylib */ = {isa = PBXFileReference; lastKnownFileType = "compiled.mach-o.dylib"; name = libsqlite3.0.dylib; path = usr/lib/libsqlite3.0.dylib; sourceTree = SDKROOT; };
		238F732414C9C6F700CAC3EB /* FMDatabase.h */ = {isa = PBXFileReference; fileEncoding = 4; lastKnownFileType = sourcecode.c.h; path = FMDatabase.h; sourceTree = "<group>"; };
		238F732514C9C6F700CAC3EB /* FMDatabase.m */ = {isa = PBXFileReference; fileEncoding = 4; lastKnownFileType = sourcecode.c.objc; path = FMDatabase.m; sourceTree = "<group>"; };
		238F732614C9C6F700CAC3EB /* FMDatabaseAdditions.h */ = {isa = PBXFileReference; fileEncoding = 4; lastKnownFileType = sourcecode.c.h; path = FMDatabaseAdditions.h; sourceTree = "<group>"; };
		238F732714C9C6F700CAC3EB /* FMDatabaseAdditions.m */ = {isa = PBXFileReference; fileEncoding = 4; lastKnownFileType = sourcecode.c.objc; path = FMDatabaseAdditions.m; sourceTree = "<group>"; };
		238F732814C9C6F700CAC3EB /* FMResultSet.h */ = {isa = PBXFileReference; fileEncoding = 4; lastKnownFileType = sourcecode.c.h; path = FMResultSet.h; sourceTree = "<group>"; };
		238F732914C9C6F700CAC3EB /* FMResultSet.m */ = {isa = PBXFileReference; fileEncoding = 4; lastKnownFileType = sourcecode.c.objc; path = FMResultSet.m; sourceTree = "<group>"; };
		23915A8414C9C18100C925B8 /* arrow-down.png */ = {isa = PBXFileReference; lastKnownFileType = image.png; path = "arrow-down.png"; sourceTree = "<group>"; };
		23915A8514C9C18100C925B8 /* arrow-left.png */ = {isa = PBXFileReference; lastKnownFileType = image.png; path = "arrow-left.png"; sourceTree = "<group>"; };
		23915A8614C9C18100C925B8 /* arrow-right.png */ = {isa = PBXFileReference; lastKnownFileType = image.png; path = "arrow-right.png"; sourceTree = "<group>"; };
		23915A8714C9C18100C925B8 /* arrow-up.png */ = {isa = PBXFileReference; lastKnownFileType = image.png; path = "arrow-up.png"; sourceTree = "<group>"; };
		23915A8814C9C18100C925B8 /* bblue.png */ = {isa = PBXFileReference; lastKnownFileType = image.png; path = bblue.png; sourceTree = "<group>"; };
		23915A8914C9C18100C925B8 /* bgreen.png */ = {isa = PBXFileReference; lastKnownFileType = image.png; path = bgreen.png; sourceTree = "<group>"; };
		23915A8A14C9C18100C925B8 /* bred.png */ = {isa = PBXFileReference; lastKnownFileType = image.png; path = bred.png; sourceTree = "<group>"; };
		23915A8B14C9C18100C925B8 /* byellow.png */ = {isa = PBXFileReference; lastKnownFileType = image.png; path = byellow.png; sourceTree = "<group>"; };
		23915A8C14C9C18100C925B8 /* empty.png */ = {isa = PBXFileReference; lastKnownFileType = image.png; path = empty.png; sourceTree = "<group>"; };
		23915A8D14C9C18100C925B8 /* hblue.png */ = {isa = PBXFileReference; lastKnownFileType = image.png; path = hblue.png; sourceTree = "<group>"; };
		23915A8E14C9C18100C925B8 /* hgreen.png */ = {isa = PBXFileReference; lastKnownFileType = image.png; path = hgreen.png; sourceTree = "<group>"; };
		23915A8F14C9C18100C925B8 /* hred.png */ = {isa = PBXFileReference; lastKnownFileType = image.png; path = hred.png; sourceTree = "<group>"; };
		23915A9014C9C18100C925B8 /* hyellow.png */ = {isa = PBXFileReference; lastKnownFileType = image.png; path = hyellow.png; sourceTree = "<group>"; };
		23915A9114C9C18100C925B8 /* wall.png */ = {isa = PBXFileReference; lastKnownFileType = image.png; path = wall.png; sourceTree = "<group>"; };
		239FD02414C9FF9900C3DBCD /* HistoryModel.h */ = {isa = PBXFileReference; fileEncoding = 4; lastKnownFileType = sourcecode.c.h; path = HistoryModel.h; sourceTree = "<group>"; };
		239FD02514C9FF9900C3DBCD /* HistoryModel.mm */ = {isa = PBXFileReference; fileEncoding = 4; lastKnownFileType = sourcecode.cpp.objcpp; path = HistoryModel.mm; sourceTree = "<group>"; };
		239FD02914CA09EA00C3DBCD /* ModelTest.h */ = {isa = PBXFileReference; fileEncoding = 4; lastKnownFileType = sourcecode.c.h; name = ModelTest.h; path = test/ModelTest.h; sourceTree = "<group>"; };
		239FD02A14CA09EA00C3DBCD /* ModelTest.mm */ = {isa = PBXFileReference; fileEncoding = 4; lastKnownFileType = sourcecode.cpp.objcpp; name = ModelTest.mm; path = test/ModelTest.mm; sourceTree = "<group>"; };
		23BDF82714CDCCAD00402EF2 /* historyViewController.h */ = {isa = PBXFileReference; fileEncoding = 4; lastKnownFileType = sourcecode.c.h; path = historyViewController.h; sourceTree = "<group>"; };
		23BDF82814CDCCAD00402EF2 /* historyViewController.mm */ = {isa = PBXFileReference; fileEncoding = 4; lastKnownFileType = sourcecode.cpp.objcpp; path = historyViewController.mm; sourceTree = "<group>"; };
		23BDF82914CDCCAD00402EF2 /* historyViewController.xib */ = {isa = PBXFileReference; fileEncoding = 4; lastKnownFileType = file.xib; path = historyViewController.xib; sourceTree = "<group>"; };
		23EBF02A14C55F9B006876D4 /* menuViewController.h */ = {isa = PBXFileReference; fileEncoding = 4; lastKnownFileType = sourcecode.c.h; path = menuViewController.h; sourceTree = "<group>"; };
		23EBF02B14C55F9B006876D4 /* menuViewController.mm */ = {isa = PBXFileReference; fileEncoding = 4; lastKnownFileType = sourcecode.cpp.objcpp; path = menuViewController.mm; sourceTree = "<group>"; };
		23EBF02C14C55F9B006876D4 /* menuViewController.xib */ = {isa = PBXFileReference; fileEncoding = 4; lastKnownFileType = file.xib; path = menuViewController.xib; sourceTree = "<group>"; };
		23EBF02F14C56051006876D4 /* nakuron.h */ = {isa = PBXFileReference; fileEncoding = 4; lastKnownFileType = sourcecode.c.h; path = nakuron.h; sourceTree = "<group>"; };
		273CA73C1513EA84004F3036 /* star_outline_64.png */ = {isa = PBXFileReference; lastKnownFileType = image.png; path = star_outline_64.png; sourceTree = "<group>"; };
		273CA73E1513EA97004F3036 /* star_64.png */ = {isa = PBXFileReference; lastKnownFileType = image.png; path = star_64.png; sourceTree = "<group>"; };
		273CA7401513EE62004F3036 /* quit.png */ = {isa = PBXFileReference; lastKnownFileType = image.png; path = quit.png; sourceTree = "<group>"; };
		277FBD8715178BB5005E1003 /* green1-1.png */ = {isa = PBXFileReference; lastKnownFileType = image.png; path = "green1-1.png"; sourceTree = "<group>"; };
		277FBD8915178C47005E1003 /* yellow1-1.png */ = {isa = PBXFileReference; lastKnownFileType = image.png; path = "yellow1-1.png"; sourceTree = "<group>"; };
		277FBD8F15179773005E1003 /* onnpu.png */ = {isa = PBXFileReference; lastKnownFileType = image.png; path = onnpu.png; sourceTree = "<group>"; };
		277FBD9015179773005E1003 /* onnpu2.png */ = {isa = PBXFileReference; lastKnownFileType = image.png; path = onnpu2.png; sourceTree = "<group>"; };
		27A3698914F377BC00394626 /* settings_64.png */ = {isa = PBXFileReference; lastKnownFileType = image.png; path = settings_64.png; sourceTree = "<group>"; };
		27C33AD91515A2D000FC61A7 /* blue1-1.png */ = {isa = PBXFileReference; lastKnownFileType = image.png; path = "blue1-1.png"; sourceTree = "<group>"; };
		27C33ADB1515A2D000FC61A7 /* red1-1.png */ = {isa = PBXFileReference; lastKnownFileType = image.png; path = "red1-1.png"; sourceTree = "<group>"; };
		27C7ADA314C53564006CF983 /* nakuron.app */ = {isa = PBXFileReference; explicitFileType = wrapper.application; includeInIndex = 0; path = nakuron.app; sourceTree = BUILT_PRODUCTS_DIR; };
		27C7ADA714C53564006CF983 /* UIKit.framework */ = {isa = PBXFileReference; lastKnownFileType = wrapper.framework; name = UIKit.framework; path = System/Library/Frameworks/UIKit.framework; sourceTree = SDKROOT; };
		27C7ADA914C53564006CF983 /* Foundation.framework */ = {isa = PBXFileReference; lastKnownFileType = wrapper.framework; name = Foundation.framework; path = System/Library/Frameworks/Foundation.framework; sourceTree = SDKROOT; };
		27C7ADAB14C53564006CF983 /* CoreGraphics.framework */ = {isa = PBXFileReference; lastKnownFileType = wrapper.framework; name = CoreGraphics.framework; path = System/Library/Frameworks/CoreGraphics.framework; sourceTree = SDKROOT; };
		27C7ADAD14C53564006CF983 /* QuartzCore.framework */ = {isa = PBXFileReference; lastKnownFileType = wrapper.framework; name = QuartzCore.framework; path = System/Library/Frameworks/QuartzCore.framework; sourceTree = SDKROOT; };
		27C7ADAF14C53564006CF983 /* OpenGLES.framework */ = {isa = PBXFileReference; lastKnownFileType = wrapper.framework; name = OpenGLES.framework; path = System/Library/Frameworks/OpenGLES.framework; sourceTree = SDKROOT; };
		27C7ADB314C53564006CF983 /* nakuron-Info.plist */ = {isa = PBXFileReference; lastKnownFileType = text.plist.xml; path = "nakuron-Info.plist"; sourceTree = "<group>"; };
		27C7ADB514C53564006CF983 /* en */ = {isa = PBXFileReference; lastKnownFileType = text.plist.strings; name = en; path = en.lproj/InfoPlist.strings; sourceTree = "<group>"; };
		27C7ADB714C53564006CF983 /* nakuron-Prefix.pch */ = {isa = PBXFileReference; lastKnownFileType = sourcecode.c.h; path = "nakuron-Prefix.pch"; sourceTree = "<group>"; };
		27C7ADB814C53564006CF983 /* main.m */ = {isa = PBXFileReference; lastKnownFileType = sourcecode.c.objc; path = main.m; sourceTree = "<group>"; };
		27C7ADBA14C53564006CF983 /* nakuronAppDelegate.h */ = {isa = PBXFileReference; lastKnownFileType = sourcecode.c.h; path = nakuronAppDelegate.h; sourceTree = "<group>"; };
		27C7ADBB14C53564006CF983 /* nakuronAppDelegate.mm */ = {isa = PBXFileReference; lastKnownFileType = sourcecode.cpp.objcpp; path = nakuronAppDelegate.mm; sourceTree = "<group>"; };
		27C7ADBE14C53564006CF983 /* en */ = {isa = PBXFileReference; lastKnownFileType = file.xib; name = en; path = en.lproj/MainWindow.xib; sourceTree = "<group>"; };
		27C7ADC014C53564006CF983 /* Shader.fsh */ = {isa = PBXFileReference; lastKnownFileType = sourcecode.glsl; name = Shader.fsh; path = Shaders/Shader.fsh; sourceTree = "<group>"; };
		27C7ADC214C53564006CF983 /* Shader.vsh */ = {isa = PBXFileReference; lastKnownFileType = sourcecode.glsl; name = Shader.vsh; path = Shaders/Shader.vsh; sourceTree = "<group>"; };
		27C7ADC414C53564006CF983 /* EAGLView.h */ = {isa = PBXFileReference; lastKnownFileType = sourcecode.c.h; path = EAGLView.h; sourceTree = "<group>"; };
		27C7ADC514C53564006CF983 /* EAGLView.mm */ = {isa = PBXFileReference; lastKnownFileType = sourcecode.cpp.objcpp; path = EAGLView.mm; sourceTree = "<group>"; };
		27C7ADC714C53564006CF983 /* nakuronViewController.h */ = {isa = PBXFileReference; lastKnownFileType = sourcecode.c.h; path = nakuronViewController.h; sourceTree = "<group>"; };
		27C7ADC814C53564006CF983 /* nakuronViewController.mm */ = {isa = PBXFileReference; lastKnownFileType = sourcecode.cpp.objcpp; path = nakuronViewController.mm; sourceTree = "<group>"; };
		27C7ADCB14C53564006CF983 /* en */ = {isa = PBXFileReference; lastKnownFileType = file.xib; name = en; path = en.lproj/nakuronViewController.xib; sourceTree = "<group>"; };
		27E04F27151050B8007ED333 /* icon.png */ = {isa = PBXFileReference; lastKnownFileType = image.png; path = icon.png; sourceTree = "<group>"; };
		27E36D5F14C53A3E00004587 /* graphicUtil.h */ = {isa = PBXFileReference; fileEncoding = 4; lastKnownFileType = sourcecode.c.h; path = graphicUtil.h; sourceTree = "<group>"; };
		27E36D6014C53A3E00004587 /* graphicUtil.mm */ = {isa = PBXFileReference; fileEncoding = 4; lastKnownFileType = sourcecode.cpp.objcpp; path = graphicUtil.mm; sourceTree = "<group>"; };
		27E82997150510300094C4B6 /* hblue2.png */ = {isa = PBXFileReference; lastKnownFileType = image.png; path = hblue2.png; sourceTree = "<group>"; };
		27E82998150510300094C4B6 /* hgreen2.png */ = {isa = PBXFileReference; lastKnownFileType = image.png; path = hgreen2.png; sourceTree = "<group>"; };
		27E82999150510300094C4B6 /* hred2.png */ = {isa = PBXFileReference; lastKnownFileType = image.png; path = hred2.png; sourceTree = "<group>"; };
		27E8299A150510300094C4B6 /* hyellow2.png */ = {isa = PBXFileReference; lastKnownFileType = image.png; path = hyellow2.png; sourceTree = "<group>"; };
		27E8299B150510300094C4B6 /* wall2.png */ = {isa = PBXFileReference; lastKnownFileType = image.png; path = wall2.png; sourceTree = "<group>"; };
		27E829A615051BBE0094C4B6 /* AVFoundation.framework */ = {isa = PBXFileReference; lastKnownFileType = wrapper.framework; name = AVFoundation.framework; path = System/Library/Frameworks/AVFoundation.framework; sourceTree = SDKROOT; };
		27E829B41505C3460094C4B6 /* se_maoudamashii_se_fall01.wav */ = {isa = PBXFileReference; lastKnownFileType = audio.wav; path = se_maoudamashii_se_fall01.wav; sourceTree = "<group>"; };
		27E829B51505C3460094C4B6 /* se_maoudamashii_se_fall02.wav */ = {isa = PBXFileReference; lastKnownFileType = audio.wav; path = se_maoudamashii_se_fall02.wav; sourceTree = "<group>"; };
		27E829B81505C3660094C4B6 /* se_maoudamashii_system47.wav */ = {isa = PBXFileReference; lastKnownFileType = audio.wav; path = se_maoudamashii_system47.wav; sourceTree = "<group>"; };
/* End PBXFileReference section */

/* Begin PBXFrameworksBuildPhase section */
		27C7ADA014C53564006CF983 /* Frameworks */ = {
			isa = PBXFrameworksBuildPhase;
			buildActionMask = 2147483647;
			files = (
				27E829A715051BBE0094C4B6 /* AVFoundation.framework in Frameworks */,
				235190B014E2FEF600A53055 /* libxml2.dylib in Frameworks */,
				238F72FA14C9C4CE00CAC3EB /* libsqlite3.0.dylib in Frameworks */,
				27C7ADA814C53564006CF983 /* UIKit.framework in Frameworks */,
				27C7ADAA14C53564006CF983 /* Foundation.framework in Frameworks */,
				27C7ADAC14C53564006CF983 /* CoreGraphics.framework in Frameworks */,
				27C7ADAE14C53564006CF983 /* QuartzCore.framework in Frameworks */,
				27C7ADB014C53564006CF983 /* OpenGLES.framework in Frameworks */,
			);
			runOnlyForDeploymentPostprocessing = 0;
		};
/* End PBXFrameworksBuildPhase section */

/* Begin PBXGroup section */
		2333569614C75A7D00729060 /* model */ = {
			isa = PBXGroup;
			children = (
				2333569714C75AD200729060 /* AbstractModel.h */,
				2333569814C75AD200729060 /* AbstractModel.mm */,
				239FD02414C9FF9900C3DBCD /* HistoryModel.h */,
				239FD02514C9FF9900C3DBCD /* HistoryModel.mm */,
				237951BD151A50A000A2C493 /* UserDefaultsModel.h */,
				237951BE151A50A000A2C493 /* UserDefaultsModel.mm */,
			);
			name = model;
			sourceTree = "<group>";
		};
		2333569A14C7617600729060 /* lib */ = {
			isa = PBXGroup;
			children = (
				238F72F914C9C4CE00CAC3EB /* libsqlite3.0.dylib */,
				27E36D5F14C53A3E00004587 /* graphicUtil.h */,
				27E36D6014C53A3E00004587 /* graphicUtil.mm */,
				27C7ADC414C53564006CF983 /* EAGLView.h */,
				27C7ADC514C53564006CF983 /* EAGLView.mm */,
				27C7ADC014C53564006CF983 /* Shader.fsh */,
				27C7ADC214C53564006CF983 /* Shader.vsh */,
			);
			name = lib;
			sourceTree = "<group>";
		};
		238F732314C9C6F700CAC3EB /* fmdb */ = {
			isa = PBXGroup;
			children = (
				238F732414C9C6F700CAC3EB /* FMDatabase.h */,
				238F732514C9C6F700CAC3EB /* FMDatabase.m */,
				238F732614C9C6F700CAC3EB /* FMDatabaseAdditions.h */,
				238F732714C9C6F700CAC3EB /* FMDatabaseAdditions.m */,
				238F732814C9C6F700CAC3EB /* FMResultSet.h */,
				238F732914C9C6F700CAC3EB /* FMResultSet.m */,
			);
			path = fmdb;
			sourceTree = "<group>";
		};
		23915A8314C9C18100C925B8 /* resource */ = {
			isa = PBXGroup;
			children = (
				27A3698914F377BC00394626 /* settings_64.png */,
				273CA73C1513EA84004F3036 /* star_outline_64.png */,
				273CA73E1513EA97004F3036 /* star_64.png */,
				273CA7401513EE62004F3036 /* quit.png */,
				277FBD8715178BB5005E1003 /* green1-1.png */,
				27E82997150510300094C4B6 /* hblue2.png */,
				277FBD8915178C47005E1003 /* yellow1-1.png */,
				277FBD8F15179773005E1003 /* onnpu.png */,
				277FBD9015179773005E1003 /* onnpu2.png */,
				27E82998150510300094C4B6 /* hgreen2.png */,
				27E82999150510300094C4B6 /* hred2.png */,
				27E8299A150510300094C4B6 /* hyellow2.png */,
				27E8299B150510300094C4B6 /* wall2.png */,
				27E829B41505C3460094C4B6 /* se_maoudamashii_se_fall01.wav */,
				27C33AD91515A2D000FC61A7 /* blue1-1.png */,
				27C33ADB1515A2D000FC61A7 /* red1-1.png */,
				27E829B51505C3460094C4B6 /* se_maoudamashii_se_fall02.wav */,
				23915A8414C9C18100C925B8 /* arrow-down.png */,
				23915A8514C9C18100C925B8 /* arrow-left.png */,
				23915A8614C9C18100C925B8 /* arrow-right.png */,
				23915A8714C9C18100C925B8 /* arrow-up.png */,
				23915A8814C9C18100C925B8 /* bblue.png */,
				27E829B81505C3660094C4B6 /* se_maoudamashii_system47.wav */,
				23915A8914C9C18100C925B8 /* bgreen.png */,
				23915A8A14C9C18100C925B8 /* bred.png */,
				23915A8B14C9C18100C925B8 /* byellow.png */,
				23915A8C14C9C18100C925B8 /* empty.png */,
				23915A8D14C9C18100C925B8 /* hblue.png */,
				23915A8E14C9C18100C925B8 /* hgreen.png */,
				23915A8F14C9C18100C925B8 /* hred.png */,
				23915A9014C9C18100C925B8 /* hyellow.png */,
				23915A9114C9C18100C925B8 /* wall.png */,
			);
			path = resource;
			sourceTree = "<group>";
		};
		239FD02814CA09B300C3DBCD /* test */ = {
			isa = PBXGroup;
			children = (
				239FD02914CA09EA00C3DBCD /* ModelTest.h */,
				239FD02A14CA09EA00C3DBCD /* ModelTest.mm */,
			);
			name = test;
			sourceTree = "<group>";
		};
		27C7AD9814C53564006CF983 = {
			isa = PBXGroup;
			children = (
				27E04F27151050B8007ED333 /* icon.png */,
				27E829A615051BBE0094C4B6 /* AVFoundation.framework */,
				235190AF14E2FEF600A53055 /* libxml2.dylib */,
				27C7ADB114C53564006CF983 /* nakuron */,
				27C7ADA614C53564006CF983 /* Frameworks */,
				27C7ADA414C53564006CF983 /* Products */,
			);
			sourceTree = "<group>";
		};
		27C7ADA414C53564006CF983 /* Products */ = {
			isa = PBXGroup;
			children = (
				27C7ADA314C53564006CF983 /* nakuron.app */,
			);
			name = Products;
			sourceTree = "<group>";
		};
		27C7ADA614C53564006CF983 /* Frameworks */ = {
			isa = PBXGroup;
			children = (
				27C7ADA714C53564006CF983 /* UIKit.framework */,
				27C7ADA914C53564006CF983 /* Foundation.framework */,
				27C7ADAB14C53564006CF983 /* CoreGraphics.framework */,
				27C7ADAD14C53564006CF983 /* QuartzCore.framework */,
				27C7ADAF14C53564006CF983 /* OpenGLES.framework */,
			);
			name = Frameworks;
			sourceTree = "<group>";
		};
		27C7ADB114C53564006CF983 /* nakuron */ = {
			isa = PBXGroup;
			children = (
				235074E614C5738A003EE0C1 /* nakuron.mm */,
				23EBF02F14C56051006876D4 /* nakuron.h */,
				27C7ADBA14C53564006CF983 /* nakuronAppDelegate.h */,
				27C7ADBB14C53564006CF983 /* nakuronAppDelegate.mm */,
				27C7ADBD14C53564006CF983 /* MainWindow.xib */,
				27C7ADC714C53564006CF983 /* nakuronViewController.h */,
				27C7ADC814C53564006CF983 /* nakuronViewController.mm */,
				27C7ADCA14C53564006CF983 /* nakuronViewController.xib */,
				2351904D14E29FF700A53055 /* finishViewController.h */,
				2351904E14E29FF700A53055 /* finishViewController.mm */,
				2351904F14E29FF700A53055 /* finishViewController.xib */,
				23EBF02A14C55F9B006876D4 /* menuViewController.h */,
				23EBF02B14C55F9B006876D4 /* menuViewController.mm */,
				23EBF02C14C55F9B006876D4 /* menuViewController.xib */,
				23BDF82714CDCCAD00402EF2 /* historyViewController.h */,
				23BDF82814CDCCAD00402EF2 /* historyViewController.mm */,
				23BDF82914CDCCAD00402EF2 /* historyViewController.xib */,
				239FD02814CA09B300C3DBCD /* test */,
				238F732314C9C6F700CAC3EB /* fmdb */,
				2333569A14C7617600729060 /* lib */,
				2333569614C75A7D00729060 /* model */,
				27C7ADB214C53564006CF983 /* Supporting Files */,
				23915A8314C9C18100C925B8 /* resource */,
			);
			path = nakuron;
			sourceTree = "<group>";
		};
		27C7ADB214C53564006CF983 /* Supporting Files */ = {
			isa = PBXGroup;
			children = (
				27C7ADB314C53564006CF983 /* nakuron-Info.plist */,
				27C7ADB414C53564006CF983 /* InfoPlist.strings */,
				27C7ADB714C53564006CF983 /* nakuron-Prefix.pch */,
				27C7ADB814C53564006CF983 /* main.m */,
			);
			name = "Supporting Files";
			sourceTree = "<group>";
		};
/* End PBXGroup section */

/* Begin PBXNativeTarget section */
		27C7ADA214C53564006CF983 /* nakuron */ = {
			isa = PBXNativeTarget;
			buildConfigurationList = 27C7ADCF14C53564006CF983 /* Build configuration list for PBXNativeTarget "nakuron" */;
			buildPhases = (
				27C7AD9F14C53564006CF983 /* Sources */,
				27C7ADA014C53564006CF983 /* Frameworks */,
				27C7ADA114C53564006CF983 /* Resources */,
			);
			buildRules = (
			);
			dependencies = (
			);
			name = nakuron;
			productName = nakuron;
			productReference = 27C7ADA314C53564006CF983 /* nakuron.app */;
			productType = "com.apple.product-type.application";
		};
/* End PBXNativeTarget section */

/* Begin PBXProject section */
		27C7AD9A14C53564006CF983 /* Project object */ = {
			isa = PBXProject;
			attributes = {
				LastUpgradeCheck = 0420;
			};
			buildConfigurationList = 27C7AD9D14C53564006CF983 /* Build configuration list for PBXProject "nakuron" */;
			compatibilityVersion = "Xcode 3.2";
			developmentRegion = English;
			hasScannedForEncodings = 0;
			knownRegions = (
				en,
			);
			mainGroup = 27C7AD9814C53564006CF983;
			productRefGroup = 27C7ADA414C53564006CF983 /* Products */;
			projectDirPath = "";
			projectRoot = "";
			targets = (
				27C7ADA214C53564006CF983 /* nakuron */,
			);
		};
/* End PBXProject section */

/* Begin PBXResourcesBuildPhase section */
		27C7ADA114C53564006CF983 /* Resources */ = {
			isa = PBXResourcesBuildPhase;
			buildActionMask = 2147483647;
			files = (
				27C7ADB614C53564006CF983 /* InfoPlist.strings in Resources */,
				27C7ADBF14C53564006CF983 /* MainWindow.xib in Resources */,
				27C7ADC114C53564006CF983 /* Shader.fsh in Resources */,
				27C7ADC314C53564006CF983 /* Shader.vsh in Resources */,
				27C7ADCC14C53564006CF983 /* nakuronViewController.xib in Resources */,
				23EBF02E14C55F9B006876D4 /* menuViewController.xib in Resources */,
				23915A9214C9C18100C925B8 /* arrow-down.png in Resources */,
				23915A9314C9C18100C925B8 /* arrow-left.png in Resources */,
				23915A9414C9C18100C925B8 /* arrow-right.png in Resources */,
				23915A9514C9C18100C925B8 /* arrow-up.png in Resources */,
				23915A9614C9C18100C925B8 /* bblue.png in Resources */,
				23915A9714C9C18100C925B8 /* bgreen.png in Resources */,
				23915A9814C9C18100C925B8 /* bred.png in Resources */,
				23915A9914C9C18100C925B8 /* byellow.png in Resources */,
				23915A9A14C9C18100C925B8 /* empty.png in Resources */,
				23915A9B14C9C18100C925B8 /* hblue.png in Resources */,
				23915A9C14C9C18100C925B8 /* hgreen.png in Resources */,
				23915A9D14C9C18100C925B8 /* hred.png in Resources */,
				23915A9E14C9C18100C925B8 /* hyellow.png in Resources */,
				23915A9F14C9C18100C925B8 /* wall.png in Resources */,
				23BDF82B14CDCCAD00402EF2 /* historyViewController.xib in Resources */,
				2351905114E29FF700A53055 /* finishViewController.xib in Resources */,
				27A3698A14F377BC00394626 /* settings_64.png in Resources */,
				27E8299C150510300094C4B6 /* hblue2.png in Resources */,
				27E8299D150510300094C4B6 /* hgreen2.png in Resources */,
				27E8299E150510300094C4B6 /* hred2.png in Resources */,
				27E8299F150510300094C4B6 /* hyellow2.png in Resources */,
				27E829A0150510300094C4B6 /* wall2.png in Resources */,
				27E829B61505C3460094C4B6 /* se_maoudamashii_se_fall01.wav in Resources */,
				27E829B71505C3460094C4B6 /* se_maoudamashii_se_fall02.wav in Resources */,
				27E829B91505C3660094C4B6 /* se_maoudamashii_system47.wav in Resources */,
				27E04F28151050B8007ED333 /* icon.png in Resources */,
				273CA73D1513EA84004F3036 /* star_outline_64.png in Resources */,
				273CA73F1513EA97004F3036 /* star_64.png in Resources */,
				273CA7411513EE62004F3036 /* quit.png in Resources */,
				27C33ADD1515A2D100FC61A7 /* blue1-1.png in Resources */,
				27C33ADF1515A2D100FC61A7 /* red1-1.png in Resources */,
				277FBD8815178BB5005E1003 /* green1-1.png in Resources */,
				277FBD8A15178C47005E1003 /* yellow1-1.png in Resources */,
				277FBD9115179774005E1003 /* onnpu.png in Resources */,
				277FBD9215179774005E1003 /* onnpu2.png in Resources */,
			);
			runOnlyForDeploymentPostprocessing = 0;
		};
/* End PBXResourcesBuildPhase section */

/* Begin PBXSourcesBuildPhase section */
		27C7AD9F14C53564006CF983 /* Sources */ = {
			isa = PBXSourcesBuildPhase;
			buildActionMask = 2147483647;
			files = (
				27C7ADB914C53564006CF983 /* main.m in Sources */,
				27C7ADBC14C53564006CF983 /* nakuronAppDelegate.mm in Sources */,
				27C7ADC614C53564006CF983 /* EAGLView.mm in Sources */,
				27C7ADC914C53564006CF983 /* nakuronViewController.mm in Sources */,
				27E36D6114C53A3E00004587 /* graphicUtil.mm in Sources */,
				23EBF02D14C55F9B006876D4 /* menuViewController.mm in Sources */,
				235074E714C5738A003EE0C1 /* nakuron.mm in Sources */,
				2333569914C75AD200729060 /* AbstractModel.mm in Sources */,
				238F732A14C9C6F700CAC3EB /* FMDatabase.m in Sources */,
				238F732B14C9C6F700CAC3EB /* FMDatabaseAdditions.m in Sources */,
				238F732C14C9C6F700CAC3EB /* FMResultSet.m in Sources */,
				239FD02614C9FF9900C3DBCD /* HistoryModel.mm in Sources */,
				239FD02B14CA09EA00C3DBCD /* ModelTest.mm in Sources */,
				23BDF82A14CDCCAD00402EF2 /* historyViewController.mm in Sources */,
				2351905014E29FF700A53055 /* finishViewController.mm in Sources */,
				237951BF151A50A000A2C493 /* UserDefaultsModel.mm in Sources */,
			);
			runOnlyForDeploymentPostprocessing = 0;
		};
/* End PBXSourcesBuildPhase section */

/* Begin PBXVariantGroup section */
		27C7ADB414C53564006CF983 /* InfoPlist.strings */ = {
			isa = PBXVariantGroup;
			children = (
				27C7ADB514C53564006CF983 /* en */,
			);
			name = InfoPlist.strings;
			sourceTree = "<group>";
		};
		27C7ADBD14C53564006CF983 /* MainWindow.xib */ = {
			isa = PBXVariantGroup;
			children = (
				27C7ADBE14C53564006CF983 /* en */,
			);
			name = MainWindow.xib;
			sourceTree = "<group>";
		};
		27C7ADCA14C53564006CF983 /* nakuronViewController.xib */ = {
			isa = PBXVariantGroup;
			children = (
				27C7ADCB14C53564006CF983 /* en */,
			);
			name = nakuronViewController.xib;
			sourceTree = "<group>";
		};
/* End PBXVariantGroup section */

/* Begin XCBuildConfiguration section */
		27C7ADCD14C53564006CF983 /* Debug */ = {
			isa = XCBuildConfiguration;
			buildSettings = {
				ARCHS = (
					armv6,
					"$(ARCHS_STANDARD_32_BIT)",
				);
				CODE_SIGN_IDENTITY = "";
				"CODE_SIGN_IDENTITY[sdk=iphoneos*]" = "iPhone Developer: Daisuke Matsumoto (87Z97U97CG)";
				GCC_C_LANGUAGE_STANDARD = gnu99;
				GCC_OPTIMIZATION_LEVEL = 0;
				GCC_PREPROCESSOR_DEFINITIONS = DEBUG;
				GCC_SYMBOLS_PRIVATE_EXTERN = NO;
				GCC_VERSION = com.apple.compilers.llvmgcc42;
				GCC_WARN_ABOUT_RETURN_TYPE = YES;
				GCC_WARN_UNUSED_VARIABLE = YES;
				IPHONEOS_DEPLOYMENT_TARGET = 4.2;
				"PROVISIONING_PROFILE[sdk=iphoneos*]" = "9F701EE8-678E-4B41-8E4D-3EF73CF24822";
				SDKROOT = iphoneos;
			};
			name = Debug;
		};
		27C7ADCE14C53564006CF983 /* Release */ = {
			isa = XCBuildConfiguration;
			buildSettings = {
				ARCHS = (
					armv6,
					"$(ARCHS_STANDARD_32_BIT)",
				);
				CODE_SIGN_IDENTITY = "";
				"CODE_SIGN_IDENTITY[sdk=iphoneos*]" = "iPhone Developer: Daisuke Matsumoto (87Z97U97CG)";
				GCC_C_LANGUAGE_STANDARD = gnu99;
				GCC_VERSION = com.apple.compilers.llvmgcc42;
				GCC_WARN_ABOUT_RETURN_TYPE = YES;
				GCC_WARN_UNUSED_VARIABLE = YES;
				IPHONEOS_DEPLOYMENT_TARGET = 4.2;
				OTHER_CFLAGS = "-DNS_BLOCK_ASSERTIONS=1";
				"PROVISIONING_PROFILE[sdk=iphoneos*]" = "9F701EE8-678E-4B41-8E4D-3EF73CF24822";
				SDKROOT = iphoneos;
			};
			name = Release;
		};
		27C7ADD014C53564006CF983 /* Debug */ = {
			isa = XCBuildConfiguration;
			buildSettings = {
				ALWAYS_SEARCH_USER_PATHS = NO;
				CODE_SIGN_IDENTITY = "";
				"CODE_SIGN_IDENTITY[sdk=iphoneos*]" = "iPhone Developer: Daisuke Matsumoto (87Z97U97CG)";
				CODE_SIGN_RESOURCE_RULES_PATH = "";
				COPY_PHASE_STRIP = NO;
				GCC_DYNAMIC_NO_PIC = NO;
				GCC_PRECOMPILE_PREFIX_HEADER = YES;
				GCC_PREFIX_HEADER = "nakuron/nakuron-Prefix.pch";
				"GCC_THUMB_SUPPORT[arch=armv6]" = "";
				GCC_VERSION = com.apple.compilers.llvm.clang.1_0;
				HEADER_SEARCH_PATHS = "/usr/include/libxml2/**";
				INFOPLIST_FILE = "nakuron/nakuron-Info.plist";
				IPHONEOS_DEPLOYMENT_TARGET = 4.2;
				PRODUCT_NAME = "$(TARGET_NAME)";
				"PROVISIONING_PROFILE[sdk=iphoneos*]" = "9F701EE8-678E-4B41-8E4D-3EF73CF24822";
				TARGETED_DEVICE_FAMILY = 1;
				WRAPPER_EXTENSION = app;
			};
			name = Debug;
		};
		27C7ADD114C53564006CF983 /* Release */ = {
			isa = XCBuildConfiguration;
			buildSettings = {
				ALWAYS_SEARCH_USER_PATHS = NO;
				CODE_SIGN_IDENTITY = "";
				"CODE_SIGN_IDENTITY[sdk=iphoneos*]" = "iPhone Developer: Daisuke Matsumoto (87Z97U97CG)";
				CODE_SIGN_RESOURCE_RULES_PATH = "";
				COPY_PHASE_STRIP = YES;
				GCC_PRECOMPILE_PREFIX_HEADER = YES;
				GCC_PREFIX_HEADER = "nakuron/nakuron-Prefix.pch";
				"GCC_THUMB_SUPPORT[arch=armv6]" = "";
				GCC_VERSION = com.apple.compilers.llvm.clang.1_0;
				HEADER_SEARCH_PATHS = "/usr/include/libxml2/**";
				INFOPLIST_FILE = "nakuron/nakuron-Info.plist";
				IPHONEOS_DEPLOYMENT_TARGET = 4.2;
				PRODUCT_NAME = "$(TARGET_NAME)";
				"PROVISIONING_PROFILE[sdk=iphoneos*]" = "9F701EE8-678E-4B41-8E4D-3EF73CF24822";
				TARGETED_DEVICE_FAMILY = 1;
				VALIDATE_PRODUCT = YES;
				WRAPPER_EXTENSION = app;
			};
			name = Release;
		};
/* End XCBuildConfiguration section */

/* Begin XCConfigurationList section */
		27C7AD9D14C53564006CF983 /* Build configuration list for PBXProject "nakuron" */ = {
			isa = XCConfigurationList;
			buildConfigurations = (
				27C7ADCD14C53564006CF983 /* Debug */,
				27C7ADCE14C53564006CF983 /* Release */,
			);
			defaultConfigurationIsVisible = 0;
			defaultConfigurationName = Release;
		};
		27C7ADCF14C53564006CF983 /* Build configuration list for PBXNativeTarget "nakuron" */ = {
			isa = XCConfigurationList;
			buildConfigurations = (
				27C7ADD014C53564006CF983 /* Debug */,
				27C7ADD114C53564006CF983 /* Release */,
			);
			defaultConfigurationIsVisible = 0;
			defaultConfigurationName = Release;
		};
/* End XCConfigurationList section */
	};
	rootObject = 27C7AD9A14C53564006CF983 /* Project object */;
}
