// !$*UTF8*$!
{
	archiveVersion = 1;
	classes = {
	};
	objectVersion = 46;
	objects = {

/* Begin PBXBuildFile section */
		2333569414C75A7800729060 /* HistoryModel.mm in Sources */ = {isa = PBXBuildFile; fileRef = 2333569314C75A7800729060 /* HistoryModel.mm */; };
		2333569914C75AD200729060 /* AbstractModel.mm in Sources */ = {isa = PBXBuildFile; fileRef = 2333569814C75AD200729060 /* AbstractModel.mm */; };
		235074E714C5738A003EE0C1 /* nakuron.mm in Sources */ = {isa = PBXBuildFile; fileRef = 235074E614C5738A003EE0C1 /* nakuron.mm */; };
		2388433514C53983009E24D2 /* arrow-down.png in Resources */ = {isa = PBXBuildFile; fileRef = 2388432714C53983009E24D2 /* arrow-down.png */; };
		2388433614C53983009E24D2 /* arrow-left.png in Resources */ = {isa = PBXBuildFile; fileRef = 2388432814C53983009E24D2 /* arrow-left.png */; };
		2388433714C53983009E24D2 /* arrow-right.png in Resources */ = {isa = PBXBuildFile; fileRef = 2388432914C53983009E24D2 /* arrow-right.png */; };
		2388433814C53983009E24D2 /* arrow-up.png in Resources */ = {isa = PBXBuildFile; fileRef = 2388432A14C53983009E24D2 /* arrow-up.png */; };
		2388433914C53983009E24D2 /* bblue.png in Resources */ = {isa = PBXBuildFile; fileRef = 2388432B14C53983009E24D2 /* bblue.png */; };
		2388433A14C53983009E24D2 /* bgreen.png in Resources */ = {isa = PBXBuildFile; fileRef = 2388432C14C53983009E24D2 /* bgreen.png */; };
		2388433B14C53983009E24D2 /* bred.png in Resources */ = {isa = PBXBuildFile; fileRef = 2388432D14C53983009E24D2 /* bred.png */; };
		2388433C14C53983009E24D2 /* byellow.png in Resources */ = {isa = PBXBuildFile; fileRef = 2388432E14C53983009E24D2 /* byellow.png */; };
		2388433D14C53983009E24D2 /* empty.png in Resources */ = {isa = PBXBuildFile; fileRef = 2388432F14C53983009E24D2 /* empty.png */; };
		2388433E14C53983009E24D2 /* hblue.png in Resources */ = {isa = PBXBuildFile; fileRef = 2388433014C53983009E24D2 /* hblue.png */; };
		2388433F14C53983009E24D2 /* hgreen.png in Resources */ = {isa = PBXBuildFile; fileRef = 2388433114C53983009E24D2 /* hgreen.png */; };
		2388434014C53983009E24D2 /* hred.png in Resources */ = {isa = PBXBuildFile; fileRef = 2388433214C53983009E24D2 /* hred.png */; };
		2388434114C53983009E24D2 /* hyellow.png in Resources */ = {isa = PBXBuildFile; fileRef = 2388433314C53983009E24D2 /* hyellow.png */; };
		2388434214C53983009E24D2 /* wall.png in Resources */ = {isa = PBXBuildFile; fileRef = 2388433414C53983009E24D2 /* wall.png */; };
		23EBF02D14C55F9B006876D4 /* menuViewController.mm in Sources */ = {isa = PBXBuildFile; fileRef = 23EBF02B14C55F9B006876D4 /* menuViewController.mm */; };
		23EBF02E14C55F9B006876D4 /* menuViewController.xib in Resources */ = {isa = PBXBuildFile; fileRef = 23EBF02C14C55F9B006876D4 /* menuViewController.xib */; };
		27C7ADA814C53564006CF983 /* UIKit.framework in Frameworks */ = {isa = PBXBuildFile; fileRef = 27C7ADA714C53564006CF983 /* UIKit.framework */; };
		27C7ADAA14C53564006CF983 /* Foundation.framework in Frameworks */ = {isa = PBXBuildFile; fileRef = 27C7ADA914C53564006CF983 /* Foundation.framework */; };
		27C7ADAC14C53564006CF983 /* CoreGraphics.framework in Frameworks */ = {isa = PBXBuildFile; fileRef = 27C7ADAB14C53564006CF983 /* CoreGraphics.framework */; };
		27C7ADAE14C53564006CF983 /* QuartzCore.framework in Frameworks */ = {isa = PBXBuildFile; fileRef = 27C7ADAD14C53564006CF983 /* QuartzCore.framework */; };
		27C7ADB014C53564006CF983 /* OpenGLES.framework in Frameworks */ = {isa = PBXBuildFile; fileRef = 27C7ADAF14C53564006CF983 /* OpenGLES.framework */; };
		27C7ADB614C53564006CF983 /* InfoPlist.strings in Resources */ = {isa = PBXBuildFile; fileRef = 27C7ADB414C53564006CF983 /* InfoPlist.strings */; };
		27C7ADB914C53564006CF983 /* main.m in Sources */ = {isa = PBXBuildFile; fileRef = 27C7ADB814C53564006CF983 /* main.m */; };
		27C7ADBC14C53564006CF983 /* nakuronAppDelegate.mm in Sources */ = {isa = PBXBuildFile; fileRef = 27C7ADBB14C53564006CF983 /* nakuronAppDelegate.mm */; };
		27C7ADBF14C53564006CF983 /* MainWindow.xib in Resources */ = {isa = PBXBuildFile; fileRef = 27C7ADBD14C53564006CF983 /* MainWindow.xib */; };
		27C7ADC114C53564006CF983 /* Shader.fsh in Resources */ = {isa = PBXBuildFile; fileRef = 27C7ADC014C53564006CF983 /* Shader.fsh */; };
		27C7ADC314C53564006CF983 /* Shader.vsh in Resources */ = {isa = PBXBuildFile; fileRef = 27C7ADC214C53564006CF983 /* Shader.vsh */; };
		27C7ADC614C53564006CF983 /* EAGLView.mm in Sources */ = {isa = PBXBuildFile; fileRef = 27C7ADC514C53564006CF983 /* EAGLView.mm */; };
		27C7ADC914C53564006CF983 /* nakuronViewController.mm in Sources */ = {isa = PBXBuildFile; fileRef = 27C7ADC814C53564006CF983 /* nakuronViewController.mm */; };
		27C7ADCC14C53564006CF983 /* nakuronViewController.xib in Resources */ = {isa = PBXBuildFile; fileRef = 27C7ADCA14C53564006CF983 /* nakuronViewController.xib */; };
		27E36D6114C53A3E00004587 /* graphicUtil.mm in Sources */ = {isa = PBXBuildFile; fileRef = 27E36D6014C53A3E00004587 /* graphicUtil.mm */; };
/* End PBXBuildFile section */

/* Begin PBXFileReference section */
		2333569214C75A7800729060 /* HistoryModel.h */ = {isa = PBXFileReference; fileEncoding = 4; lastKnownFileType = sourcecode.c.h; path = HistoryModel.h; sourceTree = "<group>"; };
		2333569314C75A7800729060 /* HistoryModel.mm */ = {isa = PBXFileReference; fileEncoding = 4; lastKnownFileType = sourcecode.cpp.objcpp; path = HistoryModel.mm; sourceTree = "<group>"; };
		2333569714C75AD200729060 /* AbstractModel.h */ = {isa = PBXFileReference; fileEncoding = 4; lastKnownFileType = sourcecode.c.h; path = AbstractModel.h; sourceTree = "<group>"; };
		2333569814C75AD200729060 /* AbstractModel.mm */ = {isa = PBXFileReference; fileEncoding = 4; lastKnownFileType = sourcecode.cpp.objcpp; path = AbstractModel.mm; sourceTree = "<group>"; };
		235074E614C5738A003EE0C1 /* nakuron.mm */ = {isa = PBXFileReference; fileEncoding = 4; lastKnownFileType = sourcecode.cpp.objcpp; path = nakuron.mm; sourceTree = "<group>"; };
		2388432714C53983009E24D2 /* arrow-down.png */ = {isa = PBXFileReference; lastKnownFileType = image.png; path = "arrow-down.png"; sourceTree = "<group>"; };
		2388432814C53983009E24D2 /* arrow-left.png */ = {isa = PBXFileReference; lastKnownFileType = image.png; path = "arrow-left.png"; sourceTree = "<group>"; };
		2388432914C53983009E24D2 /* arrow-right.png */ = {isa = PBXFileReference; lastKnownFileType = image.png; path = "arrow-right.png"; sourceTree = "<group>"; };
		2388432A14C53983009E24D2 /* arrow-up.png */ = {isa = PBXFileReference; lastKnownFileType = image.png; path = "arrow-up.png"; sourceTree = "<group>"; };
		2388432B14C53983009E24D2 /* bblue.png */ = {isa = PBXFileReference; lastKnownFileType = image.png; path = bblue.png; sourceTree = "<group>"; };
		2388432C14C53983009E24D2 /* bgreen.png */ = {isa = PBXFileReference; lastKnownFileType = image.png; path = bgreen.png; sourceTree = "<group>"; };
		2388432D14C53983009E24D2 /* bred.png */ = {isa = PBXFileReference; lastKnownFileType = image.png; path = bred.png; sourceTree = "<group>"; };
		2388432E14C53983009E24D2 /* byellow.png */ = {isa = PBXFileReference; lastKnownFileType = image.png; path = byellow.png; sourceTree = "<group>"; };
		2388432F14C53983009E24D2 /* empty.png */ = {isa = PBXFileReference; lastKnownFileType = image.png; path = empty.png; sourceTree = "<group>"; };
		2388433014C53983009E24D2 /* hblue.png */ = {isa = PBXFileReference; lastKnownFileType = image.png; path = hblue.png; sourceTree = "<group>"; };
		2388433114C53983009E24D2 /* hgreen.png */ = {isa = PBXFileReference; lastKnownFileType = image.png; path = hgreen.png; sourceTree = "<group>"; };
		2388433214C53983009E24D2 /* hred.png */ = {isa = PBXFileReference; lastKnownFileType = image.png; path = hred.png; sourceTree = "<group>"; };
		2388433314C53983009E24D2 /* hyellow.png */ = {isa = PBXFileReference; lastKnownFileType = image.png; path = hyellow.png; sourceTree = "<group>"; };
		2388433414C53983009E24D2 /* wall.png */ = {isa = PBXFileReference; lastKnownFileType = image.png; path = wall.png; sourceTree = "<group>"; };
		23EBF02A14C55F9B006876D4 /* menuViewController.h */ = {isa = PBXFileReference; fileEncoding = 4; lastKnownFileType = sourcecode.c.h; path = menuViewController.h; sourceTree = "<group>"; };
		23EBF02B14C55F9B006876D4 /* menuViewController.mm */ = {isa = PBXFileReference; fileEncoding = 4; lastKnownFileType = sourcecode.cpp.objcpp; path = menuViewController.mm; sourceTree = "<group>"; };
		23EBF02C14C55F9B006876D4 /* menuViewController.xib */ = {isa = PBXFileReference; fileEncoding = 4; lastKnownFileType = file.xib; path = menuViewController.xib; sourceTree = "<group>"; };
		23EBF02F14C56051006876D4 /* nakuron.h */ = {isa = PBXFileReference; fileEncoding = 4; lastKnownFileType = sourcecode.c.h; path = nakuron.h; sourceTree = "<group>"; };
		27C7ADA314C53564006CF983 /* nakuron.app */ = {isa = PBXFileReference; explicitFileType = wrapper.application; includeInIndex = 0; path = nakuron.app; sourceTree = BUILT_PRODUCTS_DIR; };
		27C7ADA714C53564006CF983 /* UIKit.framework */ = {isa = PBXFileReference; lastKnownFileType = wrapper.framework; name = UIKit.framework; path = System/Library/Frameworks/UIKit.framework; sourceTree = SDKROOT; };
		27C7ADA914C53564006CF983 /* Foundation.framework */ = {isa = PBXFileReference; lastKnownFileType = wrapper.framework; name = Foundation.framework; path = System/Library/Frameworks/Foundation.framework; sourceTree = SDKROOT; };
		27C7ADAB14C53564006CF983 /* CoreGraphics.framework */ = {isa = PBXFileReference; lastKnownFileType = wrapper.framework; name = CoreGraphics.framework; path = System/Library/Frameworks/CoreGraphics.framework; sourceTree = SDKROOT; };
		27C7ADAD14C53564006CF983 /* QuartzCore.framework */ = {isa = PBXFileReference; lastKnownFileType = wrapper.framework; name = QuartzCore.framework; path = System/Library/Frameworks/QuartzCore.framework; sourceTree = SDKROOT; };
		27C7ADAF14C53564006CF983 /* OpenGLES.framework */ = {isa = PBXFileReference; lastKnownFileType = wrapper.framework; name = OpenGLES.framework; path = System/Library/Frameworks/OpenGLES.framework; sourceTree = SDKROOT; };
		27C7ADB314C53564006CF983 /* nakuron-Info.plist */ = {isa = PBXFileReference; lastKnownFileType = text.plist.xml; path = "nakuron-Info.plist"; sourceTree = "<group>"; };
		27C7ADB514C53564006CF983 /* en */ = {isa = PBXFileReference; lastKnownFileType = text.plist.strings; name = en; path = en.lproj/InfoPlist.strings; sourceTree = "<group>"; };
		27C7ADB714C53564006CF983 /* nakuron-Prefix.pch */ = {isa = PBXFileReference; lastKnownFileType = sourcecode.c.h; path = "nakuron-Prefix.pch"; sourceTree = "<group>"; };
		27C7ADB814C53564006CF983 /* main.m */ = {isa = PBXFileReference; lastKnownFileType = sourcecode.c.objc; path = main.m; sourceTree = "<group>"; };
		27C7ADBA14C53564006CF983 /* nakuronAppDelegate.h */ = {isa = PBXFileReference; lastKnownFileType = sourcecode.c.h; path = nakuronAppDelegate.h; sourceTree = "<group>"; };
		27C7ADBB14C53564006CF983 /* nakuronAppDelegate.mm */ = {isa = PBXFileReference; lastKnownFileType = sourcecode.cpp.objcpp; path = nakuronAppDelegate.mm; sourceTree = "<group>"; };
		27C7ADBE14C53564006CF983 /* en */ = {isa = PBXFileReference; lastKnownFileType = file.xib; name = en; path = en.lproj/MainWindow.xib; sourceTree = "<group>"; };
		27C7ADC014C53564006CF983 /* Shader.fsh */ = {isa = PBXFileReference; lastKnownFileType = sourcecode.glsl; name = Shader.fsh; path = Shaders/Shader.fsh; sourceTree = "<group>"; };
		27C7ADC214C53564006CF983 /* Shader.vsh */ = {isa = PBXFileReference; lastKnownFileType = sourcecode.glsl; name = Shader.vsh; path = Shaders/Shader.vsh; sourceTree = "<group>"; };
		27C7ADC414C53564006CF983 /* EAGLView.h */ = {isa = PBXFileReference; lastKnownFileType = sourcecode.c.h; path = EAGLView.h; sourceTree = "<group>"; };
		27C7ADC514C53564006CF983 /* EAGLView.mm */ = {isa = PBXFileReference; lastKnownFileType = sourcecode.cpp.objcpp; path = EAGLView.mm; sourceTree = "<group>"; };
		27C7ADC714C53564006CF983 /* nakuronViewController.h */ = {isa = PBXFileReference; lastKnownFileType = sourcecode.c.h; path = nakuronViewController.h; sourceTree = "<group>"; };
		27C7ADC814C53564006CF983 /* nakuronViewController.mm */ = {isa = PBXFileReference; lastKnownFileType = sourcecode.cpp.objcpp; path = nakuronViewController.mm; sourceTree = "<group>"; };
		27C7ADCB14C53564006CF983 /* en */ = {isa = PBXFileReference; lastKnownFileType = file.xib; name = en; path = en.lproj/nakuronViewController.xib; sourceTree = "<group>"; };
		27E36D5F14C53A3E00004587 /* graphicUtil.h */ = {isa = PBXFileReference; fileEncoding = 4; lastKnownFileType = sourcecode.c.h; path = graphicUtil.h; sourceTree = "<group>"; };
		27E36D6014C53A3E00004587 /* graphicUtil.mm */ = {isa = PBXFileReference; fileEncoding = 4; lastKnownFileType = sourcecode.cpp.objcpp; path = graphicUtil.mm; sourceTree = "<group>"; };
/* End PBXFileReference section */

/* Begin PBXFrameworksBuildPhase section */
		27C7ADA014C53564006CF983 /* Frameworks */ = {
			isa = PBXFrameworksBuildPhase;
			buildActionMask = 2147483647;
			files = (
				27C7ADA814C53564006CF983 /* UIKit.framework in Frameworks */,
				27C7ADAA14C53564006CF983 /* Foundation.framework in Frameworks */,
				27C7ADAC14C53564006CF983 /* CoreGraphics.framework in Frameworks */,
				27C7ADAE14C53564006CF983 /* QuartzCore.framework in Frameworks */,
				27C7ADB014C53564006CF983 /* OpenGLES.framework in Frameworks */,
			);
			runOnlyForDeploymentPostprocessing = 0;
		};
/* End PBXFrameworksBuildPhase section */

/* Begin PBXGroup section */
		2333569614C75A7D00729060 /* model */ = {
			isa = PBXGroup;
			children = (
				2333569214C75A7800729060 /* HistoryModel.h */,
				2333569314C75A7800729060 /* HistoryModel.mm */,
				2333569714C75AD200729060 /* AbstractModel.h */,
				2333569814C75AD200729060 /* AbstractModel.mm */,
			);
			name = model;
			sourceTree = "<group>";
		};
		2333569A14C7617600729060 /* lib */ = {
			isa = PBXGroup;
			children = (
				235074E614C5738A003EE0C1 /* nakuron.mm */,
				23EBF02F14C56051006876D4 /* nakuron.h */,
			);
			name = lib;
			sourceTree = "<group>";
		};
		2388434314C5398A009E24D2 /* resource */ = {
			isa = PBXGroup;
			children = (
				2388432714C53983009E24D2 /* arrow-down.png */,
				2388432814C53983009E24D2 /* arrow-left.png */,
				2388432914C53983009E24D2 /* arrow-right.png */,
				2388432A14C53983009E24D2 /* arrow-up.png */,
				2388432B14C53983009E24D2 /* bblue.png */,
				2388432C14C53983009E24D2 /* bgreen.png */,
				2388432D14C53983009E24D2 /* bred.png */,
				2388432E14C53983009E24D2 /* byellow.png */,
				2388432F14C53983009E24D2 /* empty.png */,
				2388433014C53983009E24D2 /* hblue.png */,
				2388433114C53983009E24D2 /* hgreen.png */,
				2388433214C53983009E24D2 /* hred.png */,
				2388433314C53983009E24D2 /* hyellow.png */,
				2388433414C53983009E24D2 /* wall.png */,
			);
			name = resource;
			sourceTree = "<group>";
		};
		27C7AD9814C53564006CF983 = {
			isa = PBXGroup;
			children = (
				27C7ADB114C53564006CF983 /* nakuron */,
				27C7ADA614C53564006CF983 /* Frameworks */,
				27C7ADA414C53564006CF983 /* Products */,
			);
			sourceTree = "<group>";
		};
		27C7ADA414C53564006CF983 /* Products */ = {
			isa = PBXGroup;
			children = (
				27C7ADA314C53564006CF983 /* nakuron.app */,
			);
			name = Products;
			sourceTree = "<group>";
		};
		27C7ADA614C53564006CF983 /* Frameworks */ = {
			isa = PBXGroup;
			children = (
				27C7ADA714C53564006CF983 /* UIKit.framework */,
				27C7ADA914C53564006CF983 /* Foundation.framework */,
				27C7ADAB14C53564006CF983 /* CoreGraphics.framework */,
				27C7ADAD14C53564006CF983 /* QuartzCore.framework */,
				27C7ADAF14C53564006CF983 /* OpenGLES.framework */,
			);
			name = Frameworks;
			sourceTree = "<group>";
		};
		27C7ADB114C53564006CF983 /* nakuron */ = {
			isa = PBXGroup;
			children = (
				27E36D5F14C53A3E00004587 /* graphicUtil.h */,
				27E36D6014C53A3E00004587 /* graphicUtil.mm */,
				27C7ADBA14C53564006CF983 /* nakuronAppDelegate.h */,
				27C7ADBB14C53564006CF983 /* nakuronAppDelegate.mm */,
				27C7ADBD14C53564006CF983 /* MainWindow.xib */,
				27C7ADC014C53564006CF983 /* Shader.fsh */,
				27C7ADC214C53564006CF983 /* Shader.vsh */,
				27C7ADC414C53564006CF983 /* EAGLView.h */,
				27C7ADC514C53564006CF983 /* EAGLView.mm */,
				27C7ADC714C53564006CF983 /* nakuronViewController.h */,
				27C7ADC814C53564006CF983 /* nakuronViewController.mm */,
				27C7ADCA14C53564006CF983 /* nakuronViewController.xib */,
				23EBF02A14C55F9B006876D4 /* menuViewController.h */,
				23EBF02B14C55F9B006876D4 /* menuViewController.mm */,
				23EBF02C14C55F9B006876D4 /* menuViewController.xib */,
				2333569A14C7617600729060 /* lib */,
				2333569614C75A7D00729060 /* model */,
				2388434314C5398A009E24D2 /* resource */,
				27C7ADB214C53564006CF983 /* Supporting Files */,
			);
			path = nakuron;
			sourceTree = "<group>";
		};
		27C7ADB214C53564006CF983 /* Supporting Files */ = {
			isa = PBXGroup;
			children = (
				27C7ADB314C53564006CF983 /* nakuron-Info.plist */,
				27C7ADB414C53564006CF983 /* InfoPlist.strings */,
				27C7ADB714C53564006CF983 /* nakuron-Prefix.pch */,
				27C7ADB814C53564006CF983 /* main.m */,
			);
			name = "Supporting Files";
			sourceTree = "<group>";
		};
/* End PBXGroup section */

/* Begin PBXNativeTarget section */
		27C7ADA214C53564006CF983 /* nakuron */ = {
			isa = PBXNativeTarget;
			buildConfigurationList = 27C7ADCF14C53564006CF983 /* Build configuration list for PBXNativeTarget "nakuron" */;
			buildPhases = (
				27C7AD9F14C53564006CF983 /* Sources */,
				27C7ADA014C53564006CF983 /* Frameworks */,
				27C7ADA114C53564006CF983 /* Resources */,
			);
			buildRules = (
			);
			dependencies = (
			);
			name = nakuron;
			productName = nakuron;
			productReference = 27C7ADA314C53564006CF983 /* nakuron.app */;
			productType = "com.apple.product-type.application";
		};
/* End PBXNativeTarget section */

/* Begin PBXProject section */
		27C7AD9A14C53564006CF983 /* Project object */ = {
			isa = PBXProject;
			attributes = {
				LastUpgradeCheck = 0420;
			};
			buildConfigurationList = 27C7AD9D14C53564006CF983 /* Build configuration list for PBXProject "nakuron" */;
			compatibilityVersion = "Xcode 3.2";
			developmentRegion = English;
			hasScannedForEncodings = 0;
			knownRegions = (
				en,
			);
			mainGroup = 27C7AD9814C53564006CF983;
			productRefGroup = 27C7ADA414C53564006CF983 /* Products */;
			projectDirPath = "";
			projectRoot = "";
			targets = (
				27C7ADA214C53564006CF983 /* nakuron */,
			);
		};
/* End PBXProject section */

/* Begin PBXResourcesBuildPhase section */
		27C7ADA114C53564006CF983 /* Resources */ = {
			isa = PBXResourcesBuildPhase;
			buildActionMask = 2147483647;
			files = (
				27C7ADB614C53564006CF983 /* InfoPlist.strings in Resources */,
				27C7ADBF14C53564006CF983 /* MainWindow.xib in Resources */,
				27C7ADC114C53564006CF983 /* Shader.fsh in Resources */,
				27C7ADC314C53564006CF983 /* Shader.vsh in Resources */,
				27C7ADCC14C53564006CF983 /* nakuronViewController.xib in Resources */,
				2388433514C53983009E24D2 /* arrow-down.png in Resources */,
				2388433614C53983009E24D2 /* arrow-left.png in Resources */,
				2388433714C53983009E24D2 /* arrow-right.png in Resources */,
				2388433814C53983009E24D2 /* arrow-up.png in Resources */,
				2388433914C53983009E24D2 /* bblue.png in Resources */,
				2388433A14C53983009E24D2 /* bgreen.png in Resources */,
				2388433B14C53983009E24D2 /* bred.png in Resources */,
				2388433C14C53983009E24D2 /* byellow.png in Resources */,
				2388433D14C53983009E24D2 /* empty.png in Resources */,
				2388433E14C53983009E24D2 /* hblue.png in Resources */,
				2388433F14C53983009E24D2 /* hgreen.png in Resources */,
				2388434014C53983009E24D2 /* hred.png in Resources */,
				2388434114C53983009E24D2 /* hyellow.png in Resources */,
				2388434214C53983009E24D2 /* wall.png in Resources */,
				23EBF02E14C55F9B006876D4 /* menuViewController.xib in Resources */,
			);
			runOnlyForDeploymentPostprocessing = 0;
		};
/* End PBXResourcesBuildPhase section */

/* Begin PBXSourcesBuildPhase section */
		27C7AD9F14C53564006CF983 /* Sources */ = {
			isa = PBXSourcesBuildPhase;
			buildActionMask = 2147483647;
			files = (
				27C7ADB914C53564006CF983 /* main.m in Sources */,
				27C7ADBC14C53564006CF983 /* nakuronAppDelegate.mm in Sources */,
				27C7ADC614C53564006CF983 /* EAGLView.mm in Sources */,
				27C7ADC914C53564006CF983 /* nakuronViewController.mm in Sources */,
				27E36D6114C53A3E00004587 /* graphicUtil.mm in Sources */,
				23EBF02D14C55F9B006876D4 /* menuViewController.mm in Sources */,
				235074E714C5738A003EE0C1 /* nakuron.mm in Sources */,
				2333569414C75A7800729060 /* HistoryModel.mm in Sources */,
				2333569914C75AD200729060 /* AbstractModel.mm in Sources */,
			);
			runOnlyForDeploymentPostprocessing = 0;
		};
/* End PBXSourcesBuildPhase section */

/* Begin PBXVariantGroup section */
		27C7ADB414C53564006CF983 /* InfoPlist.strings */ = {
			isa = PBXVariantGroup;
			children = (
				27C7ADB514C53564006CF983 /* en */,
			);
			name = InfoPlist.strings;
			sourceTree = "<group>";
		};
		27C7ADBD14C53564006CF983 /* MainWindow.xib */ = {
			isa = PBXVariantGroup;
			children = (
				27C7ADBE14C53564006CF983 /* en */,
			);
			name = MainWindow.xib;
			sourceTree = "<group>";
		};
		27C7ADCA14C53564006CF983 /* nakuronViewController.xib */ = {
			isa = PBXVariantGroup;
			children = (
				27C7ADCB14C53564006CF983 /* en */,
			);
			name = nakuronViewController.xib;
			sourceTree = "<group>";
		};
/* End PBXVariantGroup section */

/* Begin XCBuildConfiguration section */
		27C7ADCD14C53564006CF983 /* Debug */ = {
			isa = XCBuildConfiguration;
			buildSettings = {
				ARCHS = "$(ARCHS_STANDARD_32_BIT)";
				"CODE_SIGN_IDENTITY[sdk=iphoneos*]" = "iPhone Developer";
				GCC_C_LANGUAGE_STANDARD = gnu99;
				GCC_OPTIMIZATION_LEVEL = 0;
				GCC_PREPROCESSOR_DEFINITIONS = DEBUG;
				GCC_SYMBOLS_PRIVATE_EXTERN = NO;
				GCC_VERSION = com.apple.compilers.llvmgcc42;
				GCC_WARN_ABOUT_RETURN_TYPE = YES;
				GCC_WARN_UNUSED_VARIABLE = YES;
				IPHONEOS_DEPLOYMENT_TARGET = 4.3;
				SDKROOT = iphoneos;
			};
			name = Debug;
		};
		27C7ADCE14C53564006CF983 /* Release */ = {
			isa = XCBuildConfiguration;
			buildSettings = {
				ARCHS = "$(ARCHS_STANDARD_32_BIT)";
				"CODE_SIGN_IDENTITY[sdk=iphoneos*]" = "iPhone Developer";
				GCC_C_LANGUAGE_STANDARD = gnu99;
				GCC_VERSION = com.apple.compilers.llvmgcc42;
				GCC_WARN_ABOUT_RETURN_TYPE = YES;
				GCC_WARN_UNUSED_VARIABLE = YES;
				IPHONEOS_DEPLOYMENT_TARGET = 4.3;
				OTHER_CFLAGS = "-DNS_BLOCK_ASSERTIONS=1";
				SDKROOT = iphoneos;
			};
			name = Release;
		};
		27C7ADD014C53564006CF983 /* Debug */ = {
			isa = XCBuildConfiguration;
			buildSettings = {
				ALWAYS_SEARCH_USER_PATHS = NO;
				COPY_PHASE_STRIP = NO;
				GCC_DYNAMIC_NO_PIC = NO;
				GCC_PRECOMPILE_PREFIX_HEADER = YES;
				GCC_PREFIX_HEADER = "nakuron/nakuron-Prefix.pch";
				"GCC_THUMB_SUPPORT[arch=armv6]" = "";
				GCC_VERSION = com.apple.compilers.llvm.clang.1_0;
				INFOPLIST_FILE = "nakuron/nakuron-Info.plist";
				PRODUCT_NAME = "$(TARGET_NAME)";
				WRAPPER_EXTENSION = app;
			};
			name = Debug;
		};
		27C7ADD114C53564006CF983 /* Release */ = {
			isa = XCBuildConfiguration;
			buildSettings = {
				ALWAYS_SEARCH_USER_PATHS = NO;
				COPY_PHASE_STRIP = YES;
				GCC_PRECOMPILE_PREFIX_HEADER = YES;
				GCC_PREFIX_HEADER = "nakuron/nakuron-Prefix.pch";
				"GCC_THUMB_SUPPORT[arch=armv6]" = "";
				GCC_VERSION = com.apple.compilers.llvm.clang.1_0;
				INFOPLIST_FILE = "nakuron/nakuron-Info.plist";
				PRODUCT_NAME = "$(TARGET_NAME)";
				VALIDATE_PRODUCT = YES;
				WRAPPER_EXTENSION = app;
			};
			name = Release;
		};
/* End XCBuildConfiguration section */

/* Begin XCConfigurationList section */
		27C7AD9D14C53564006CF983 /* Build configuration list for PBXProject "nakuron" */ = {
			isa = XCConfigurationList;
			buildConfigurations = (
				27C7ADCD14C53564006CF983 /* Debug */,
				27C7ADCE14C53564006CF983 /* Release */,
			);
			defaultConfigurationIsVisible = 0;
			defaultConfigurationName = Release;
		};
		27C7ADCF14C53564006CF983 /* Build configuration list for PBXNativeTarget "nakuron" */ = {
			isa = XCConfigurationList;
			buildConfigurations = (
				27C7ADD014C53564006CF983 /* Debug */,
				27C7ADD114C53564006CF983 /* Release */,
			);
			defaultConfigurationIsVisible = 0;
			defaultConfigurationName = Release;
		};
/* End XCConfigurationList section */
	};
	rootObject = 27C7AD9A14C53564006CF983 /* Project object */;
}
